
Microsoft Visual Studio Solution File, Format Version 12.00
# Visual Studio Version 17
VisualStudioVersion = 17.7.34221.43
MinimumVisualStudioVersion = 10.0.40219.1
Project("{FAE04EC0-301F-11D3-BF4B-00C04F79EFBC}") = "ConAppStudentData2", "ConAppStudentData2.csproj", "{E105A044-BDAA-4F8F-926D-C856F78315FB}"
EndProject
Global
	GlobalSection(SolutionConfigurationPlatforms) = preSolution
		Debug|Any CPU = Debug|Any CPU
		Release|Any CPU = Release|Any CPU
	EndGlobalSection
	GlobalSection(ProjectConfigurationPlatforms) = postSolution
		{E105A044-BDAA-4F8F-926D-C856F78315FB}.Debug|Any CPU.ActiveCfg = Debug|Any CPU
		{E105A044-BDAA-4F8F-926D-C856F78315FB}.Debug|Any CPU.Build.0 = Debug|Any CPU
		{E105A044-BDAA-4F8F-926D-C856F78315FB}.Release|Any CPU.ActiveCfg = Release|Any CPU
		{E105A044-BDAA-4F8F-926D-C856F78315FB}.Release|Any CPU.Build.0 = Release|Any CPU
	EndGlobalSection
	GlobalSection(SolutionProperties) = preSolution
		HideSolutionNode = FALSE
	EndGlobalSection
	GlobalSection(ExtensibilityGlobals) = postSolution
		SolutionGuid = {EF41413A-FC39-4F5D-99A3-63879FA9BB4C}
	EndGlobalSection
EndGlobal
